Microsoft Visual Studio Solution File, Format Version 12.00
# Visual Studio Version 18
VisualStudioVersion = 18.8.12023.21 stable
MinimumVisualStudioVersion = 10.0.40219.1
Project("{9A19103F-16F7-4668-BE54-9A1E7A4F7556}") = "CustomerService.Domain", "src\CustomerService.Domain\CustomerService.Domain.csproj", "{74737543-6D6F-7265-5365-72766963652E}"
EndProject
Project("{9A19103F-16F7-4668-BE54-9A1E7A4F7556}") = "CustomerService.Application", "src\CustomerService.Application\CustomerService.Application.csproj", "{535E0CEE-BB01-4978-975F-69D3C47430FF}"
EndProject
Project("{9A19103F-16F7-4668-BE54-9A1E7A4F7556}") = "CustomerService.Infrastructure.Data", "src\CustomerService.Infrastructure.Data\CustomerService.Infrastructure.Data.csproj", "{4CB8E483-9471-438B-8E6F-A45F02095DD9}"
EndProject
Project("{9A19103F-16F7-4668-BE54-9A1E7A4F7556}") = "CustomerService.Infrastructure.External", "src\CustomerService.Infrastructure.External\CustomerService.Infrastructure.External.csproj", "{6F12291F-61ED-4F77-A782-C34F35713283}"
EndProject
Project("{9A19103F-16F7-4668-BE54-9A1E7A4F7556}") = "CustomerService.Api", "src\CustomerService.Api\CustomerService.Api.csproj", "{F8D6A19C-17DC-4A96-9751-75348B6ED34D}"
EndProject
Project("{9A19103F-16F7-4668-BE54-9A1E7A4F7556}") = "CustomerService.UnitTests", "tests\CustomerService.UnitTests\CustomerService.UnitTests.csproj", "{921D2F05-B82E-4834-A9C8-3A90D02A4644}"
EndProject
Project("{9A19103F-16F7-4668-BE54-9A1E7A4F7556}") = "CustomerService.IntegrationTests", "tests\CustomerService.IntegrationTests\CustomerService.IntegrationTests.csproj", "{8BF84684-F8DE-42C6-A7F4-056F6103320A}"
EndProject
Project("{9A19103F-16F7-4668-BE54-9A1E7A4F7556}") = "CustomerService.ArchitectureTests", "tests\CustomerService.ArchitectureTests\CustomerService.ArchitectureTests.csproj", "{0965EBAD-8971-465B-91A1-E6954E1433FF}"
EndProject
Global
	GlobalSection(SolutionConfigurationPlatforms) = preSolution
		Debug|Any CPU = Debug|Any CPU
		Release|Any CPU = Release|Any CPU
	EndGlobalSection
	GlobalSection(ProjectConfigurationPlatforms) = postSolution
		{74737543-6D6F-7265-5365-72766963652E}.Debug|Any CPU.ActiveCfg = Debug|Any CPU
		{74737543-6D6F-7265-5365-72766963652E}.Debug|Any CPU.Build.0 = Debug|Any CPU
		{74737543-6D6F-7265-5365-72766963652E}.Release|Any CPU.ActiveCfg = Release|Any CPU
		{74737543-6D6F-7265-5365-72766963652E}.Release|Any CPU.Build.0 = Release|Any CPU
		{535E0CEE-BB01-4978-975F-69D3C47430FF}.Debug|Any CPU.ActiveCfg = Debug|Any CPU
		{535E0CEE-BB01-4978-975F-69D3C47430FF}.Debug|Any CPU.Build.0 = Debug|Any CPU
		{535E0CEE-BB01-4978-975F-69D3C47430FF}.Release|Any CPU.ActiveCfg = Release|Any CPU
		{535E0CEE-BB01-4978-975F-69D3C47430FF}.Release|Any CPU.Build.0 = Release|Any CPU
		{4CB8E483-9471-438B-8E6F-A45F02095DD9}.Debug|Any CPU.ActiveCfg = Debug|Any CPU
		{4CB8E483-9471-438B-8E6F-A45F02095DD9}.Debug|Any CPU.Build.0 = Debug|Any CPU
		{4CB8E483-9471-438B-8E6F-A45F02095DD9}.Release|Any CPU.ActiveCfg = Release|Any CPU
		{4CB8E483-9471-438B-8E6F-A45F02095DD9}.Release|Any CPU.Build.0 = Release|Any CPU
		{6F12291F-61ED-4F77-A782-C34F35713283}.Debug|Any CPU.ActiveCfg = Debug|Any CPU
		{6F12291F-61ED-4F77-A782-C34F35713283}.Debug|Any CPU.Build.0 = Debug|Any CPU
		{6F12291F-61ED-4F77-A782-C34F35713283}.Release|Any CPU.ActiveCfg = Release|Any CPU
		{6F12291F-61ED-4F77-A782-C34F35713283}.Release|Any CPU.Build.0 = Release|Any CPU
		{F8D6A19C-17DC-4A96-9751-75348B6ED34D}.Debug|Any CPU.ActiveCfg = Debug|Any CPU
		{F8D6A19C-17DC-4A96-9751-75348B6ED34D}.Debug|Any CPU.Build.0 = Debug|Any CPU
		{F8D6A19C-17DC-4A96-9751-75348B6ED34D}.Release|Any CPU.ActiveCfg = Release|Any CPU
		{F8D6A19C-17DC-4A96-9751-75348B6ED34D}.Release|Any CPU.Build.0 = Release|Any CPU
		{921D2F05-B82E-4834-A9C8-3A90D02A4644}.Debug|Any CPU.ActiveCfg = Debug|Any CPU
		{921D2F05-B82E-4834-A9C8-3A90D02A4644}.Debug|Any CPU.Build.0 = Debug|Any CPU
		{921D2F05-B82E-4834-A9C8-3A90D02A4644}.Release|Any CPU.ActiveCfg = Release|Any CPU
		{921D2F05-B82E-4834-A9C8-3A90D02A4644}.Release|Any CPU.Build.0 = Release|Any CPU
		{8BF84684-F8DE-42C6-A7F4-056F6103320A}.Debug|Any CPU.ActiveCfg = Debug|Any CPU
		{8BF84684-F8DE-42C6-A7F4-056F6103320A}.Debug|Any CPU.Build.0 = Debug|Any CPU
		{8BF84684-F8DE-42C6-A7F4-056F6103320A}.Release|Any CPU.ActiveCfg = Release|Any CPU
		{8BF84684-F8DE-42C6-A7F4-056F6103320A}.Release|Any CPU.Build.0 = Release|Any CPU
		{0965EBAD-8971-465B-91A1-E6954E1433FF}.Debug|Any CPU.ActiveCfg = Debug|Any CPU
		{0965EBAD-8971-465B-91A1-E6954E1433FF}.Debug|Any CPU.Build.0 = Debug|Any CPU
		{0965EBAD-8971-465B-91A1-E6954E1433FF}.Release|Any CPU.ActiveCfg = Release|Any CPU
		{0965EBAD-8971-465B-91A1-E6954E1433FF}.Release|Any CPU.Build.0 = Release|Any CPU
	EndGlobalSection
	GlobalSection(SolutionProperties) = preSolution
		HideSolutionNode = FALSE
	EndGlobalSection
EndGlobal
